// !$*UTF8*$!
{
	archiveVersion = 1;
	classes = {
	};
	objectVersion = 46;
	objects = {

/* Begin PBXBuildFile section */
		89CEBD721E4DB37D00555DCE /* main.c in Sources */ = {isa = PBXBuildFile; fileRef = 89CEBD6F1E4DB37D00555DCE /* main.c */; };
/* End PBXBuildFile section */

/* Begin PBXCopyFilesBuildPhase section */
		89CEBD421E4DB2AF00555DCE /* CopyFiles */ = {
			isa = PBXCopyFilesBuildPhase;
			buildActionMask = 2147483647;
			dstPath = /usr/share/man/man1/;
			dstSubfolderSpec = 0;
			files = (
			);
			runOnlyForDeploymentPostprocessing = 1;
		};
/* End PBXCopyFilesBuildPhase section */

/* Begin PBXFileReference section */
		89CEBD441E4DB2AF00555DCE /* basic_1 */ = {isa = PBXFileReference; explicitFileType = "compiled.mach-o.executable"; includeInIndex = 0; path = basic_1; sourceTree = BUILT_PRODUCTS_DIR; };
		89CEBD6B1E4DB37D00555DCE /* main.c */ = {isa = PBXFileReference; fileEncoding = 4; lastKnownFileType = sourcecode.c.c; path = main.c; sourceTree = "<group>"; };
		89CEBD6D1E4DB37D00555DCE /* main.c */ = {isa = PBXFileReference; fileEncoding = 4; lastKnownFileType = sourcecode.c.c; path = main.c; sourceTree = "<group>"; };
		89CEBD6F1E4DB37D00555DCE /* main.c */ = {isa = PBXFileReference; fileEncoding = 4; lastKnownFileType = sourcecode.c.c; path = main.c; sourceTree = "<group>"; };
/* End PBXFileReference section */

/* Begin PBXFrameworksBuildPhase section */
		89CEBD411E4DB2AF00555DCE /* Frameworks */ = {
			isa = PBXFrameworksBuildPhase;
			buildActionMask = 2147483647;
			files = (
			);
			runOnlyForDeploymentPostprocessing = 0;
		};
/* End PBXFrameworksBuildPhase section */

/* Begin PBXGroup section */
		89CEBD3B1E4DB2AF00555DCE = {
			isa = PBXGroup;
			children = (
				89CEBD6A1E4DB37D00555DCE /* chapter_1 */,
				89CEBD6C1E4DB37D00555DCE /* chapter_2 */,
				89CEBD6E1E4DB37D00555DCE /* chapter_3 */,
				89CEBD451E4DB2AF00555DCE /* Products */,
			);
			sourceTree = "<group>";
		};
		89CEBD451E4DB2AF00555DCE /* Products */ = {
			isa = PBXGroup;
			children = (
				89CEBD441E4DB2AF00555DCE /* basic_1 */,
			);
			name = Products;
			sourceTree = "<group>";
		};
		89CEBD6A1E4DB37D00555DCE /* chapter_1 */ = {
			isa = PBXGroup;
			children = (
				89CEBD6B1E4DB37D00555DCE /* main.c */,
			);
			path = chapter_1;
			sourceTree = "<group>";
		};
		89CEBD6C1E4DB37D00555DCE /* chapter_2 */ = {
			isa = PBXGroup;
			children = (
				89CEBD6D1E4DB37D00555DCE /* main.c */,
			);
			path = chapter_2;
			sourceTree = "<group>";
		};
		89CEBD6E1E4DB37D00555DCE /* chapter_3 */ = {
			isa = PBXGroup;
			children = (
				89CEBD6F1E4DB37D00555DCE /* main.c */,
			);
			path = chapter_3;
			sourceTree = "<group>";
		};
/* End PBXGroup section */

/* Begin PBXNativeTarget section */
		89CEBD431E4DB2AF00555DCE /* basic_1 */ = {
			isa = PBXNativeTarget;
			buildConfigurationList = 89CEBD4B1E4DB2AF00555DCE /* Build configuration list for PBXNativeTarget "basic_1" */;
			buildPhases = (
				89CEBD401E4DB2AF00555DCE /* Sources */,
				89CEBD411E4DB2AF00555DCE /* Frameworks */,
				89CEBD421E4DB2AF00555DCE /* CopyFiles */,
			);
			buildRules = (
			);
			dependencies = (
			);
			name = basic_1;
			productName = basic_1;
			productReference = 89CEBD441E4DB2AF00555DCE /* basic_1 */;
			productType = "com.apple.product-type.tool";
		};
/* End PBXNativeTarget section */

/* Begin PBXProject section */
		89CEBD3C1E4DB2AF00555DCE /* Project object */ = {
			isa = PBXProject;
			attributes = {
				LastUpgradeCheck = 0820;
				ORGANIZATIONNAME = "小松亮太";
				TargetAttributes = {
					89CEBD431E4DB2AF00555DCE = {
						CreatedOnToolsVersion = 8.2.1;
						ProvisioningStyle = Automatic;
					};
				};
			};
			buildConfigurationList = 89CEBD3F1E4DB2AF00555DCE /* Build configuration list for PBXProject "basic_1" */;
			compatibilityVersion = "Xcode 3.2";
			developmentRegion = English;
			hasScannedForEncodings = 0;
			knownRegions = (
				en,
			);
			mainGroup = 89CEBD3B1E4DB2AF00555DCE;
			productRefGroup = 89CEBD451E4DB2AF00555DCE /* Products */;
			projectDirPath = "";
			projectRoot = "";
			targets = (
				89CEBD431E4DB2AF00555DCE /* basic_1 */,
			);
		};
/* End PBXProject section */

/* Begin PBXSourcesBuildPhase section */
		89CEBD401E4DB2AF00555DCE /* Sources */ = {
			isa = PBXSourcesBuildPhase;
			buildActionMask = 2147483647;
			files = (
				89CEBD721E4DB37D00555DCE /* main.c in Sources */,
			);
			runOnlyForDeploymentPostprocessing = 0;
		};
/* End PBXSourcesBuildPhase section */

/* Begin XCBuildConfiguration section */
		89CEBD491E4DB2AF00555DCE /* Debug */ = {
			isa = XCBuildConfiguration;
			buildSettings = {
				ALWAYS_SEARCH_USER_PATHS = NO;
				CLANG_ANALYZER_NONNULL = YES;
				CLANG_CXX_LANGUAGE_STANDARD = "gnu++0x";
				CLANG_CXX_LIBRARY = "libc++";
				CLANG_ENABLE_MODULES = YES;
				CLANG_ENABLE_OBJC_ARC = YES;
				CLANG_WARN_BOOL_CONVERSION = YES;
				CLANG_WARN_CONSTANT_CONVERSION = YES;
				CLANG_WARN_DIRECT_OBJC_ISA_USAGE = YES_ERROR;
				CLANG_WARN_DOCUMENTATION_COMMENTS = YES;
				CLANG_WARN_EMPTY_BODY = YES;
				CLANG_WARN_ENUM_CONVERSION = YES;
				CLANG_WARN_INFINITE_RECURSION = YES;
				CLANG_WARN_INT_CONVERSION = YES;
				CLANG_WARN_OBJC_ROOT_CLASS = YES_ERROR;
				CLANG_WARN_SUSPICIOUS_MOVE = YES;
				CLANG_WARN_UNREACHABLE_CODE = YES;
				CLANG_WARN__DUPLICATE_METHOD_MATCH = YES;
				CODE_SIGN_IDENTITY = "-";
				COPY_PHASE_STRIP = NO;
				DEBUG_INFORMATION_FORMAT = dwarf;
				ENABLE_STRICT_OBJC_MSGSEND = YES;
				ENABLE_TESTABILITY = YES;
				GCC_C_LANGUAGE_STANDARD = gnu99;
				GCC_DYNAMIC_NO_PIC = NO;
				GCC_NO_COMMON_BLOCKS = YES;
				GCC_OPTIMIZATION_LEVEL = 0;
				GCC_PREPROCESSOR_DEFINITIONS = (
					"DEBUG=1",
					"$(inherited)",
				);
				GCC_WARN_64_TO_32_BIT_CONVERSION = YES;
				GCC_WARN_ABOUT_RETURN_TYPE = YES_ERROR;
				GCC_WARN_UNDECLARED_SELECTOR = YES;
				GCC_WARN_UNINITIALIZED_AUTOS = YES_AGGRESSIVE;
				GCC_WARN_UNUSED_FUNCTION = YES;
				GCC_WARN_UNUSED_VARIABLE = YES;
				MACOSX_DEPLOYMENT_TARGET = 10.12;
				MTL_ENABLE_DEBUG_INFO = YES;
				ONLY_ACTIVE_ARCH = YES;
				SDKROOT = macosx;
			};
			name = Debug;
		};
		89CEBD4A1E4DB2AF00555DCE /* Release */ = {
			isa = XCBuildConfiguration;
			buildSettings = {
				ALWAYS_SEARCH_USER_PATHS = NO;
				CLANG_ANALYZER_NONNULL = YES;
				CLANG_CXX_LANGUAGE_STANDARD = "gnu++0x";
				CLANG_CXX_LIBRARY = "libc++";
				CLANG_ENABLE_MODULES = YES;
				CLANG_ENABLE_OBJC_ARC = YES;
				CLANG_WARN_BOOL_CONVERSION = YES;
				CLANG_WARN_CONSTANT_CONVERSION = YES;
				CLANG_WARN_DIRECT_OBJC_ISA_USAGE = YES_ERROR;
				CLANG_WARN_DOCUMENTATION_COMMENTS = YES;
				CLANG_WARN_EMPTY_BODY = YES;
				CLANG_WARN_ENUM_CONVERSION = YES;
				CLANG_WARN_INFINITE_RECURSION = YES;
				CLANG_WARN_INT_CONVERSION = YES;
				CLANG_WARN_OBJC_ROOT_CLASS = YES_ERROR;
				CLANG_WARN_SUSPICIOUS_MOVE = YES;
				CLANG_WARN_UNREACHABLE_CODE = YES;
				CLANG_WARN__DUPLICATE_METHOD_MATCH = YES;
				CODE_SIGN_IDENTITY = "-";
				COPY_PHASE_STRIP = NO;
				DEBUG_INFORMATION_FORMAT = "dwarf-with-dsym";
				ENABLE_NS_ASSERTIONS = NO;
				ENABLE_STRICT_OBJC_MSGSEND = YES;
				GCC_C_LANGUAGE_STANDARD = gnu99;
				GCC_NO_COMMON_BLOCKS = YES;
				GCC_WARN_64_TO_32_BIT_CONVERSION = YES;
				GCC_WARN_ABOUT_RETURN_TYPE = YES_ERROR;
				GCC_WARN_UNDECLARED_SELECTOR = YES;
				GCC_WARN_UNINITIALIZED_AUTOS = YES_AGGRESSIVE;
				GCC_WARN_UNUSED_FUNCTION = YES;
				GCC_WARN_UNUSED_VARIABLE = YES;
				MACOSX_DEPLOYMENT_TARGET = 10.12;
				MTL_ENABLE_DEBUG_INFO = NO;
				SDKROOT = macosx;
			};
			name = Release;
		};
		89CEBD4C1E4DB2AF00555DCE /* Debug */ = {
			isa = XCBuildConfiguration;
			buildSettings = {
				PRODUCT_NAME = "$(TARGET_NAME)";
			};
			name = Debug;
		};
		89CEBD4D1E4DB2AF00555DCE /* Release */ = {
			isa = XCBuildConfiguration;
			buildSettings = {
				PRODUCT_NAME = "$(TARGET_NAME)";
			};
			name = Release;
		};
/* End XCBuildConfiguration section */

/* Begin XCConfigurationList section */
		89CEBD3F1E4DB2AF00555DCE /* Build configuration list for PBXProject "basic_1" */ = {
			isa = XCConfigurationList;
			buildConfigurations = (
				89CEBD491E4DB2AF00555DCE /* Debug */,
				89CEBD4A1E4DB2AF00555DCE /* Release */,
			);
			defaultConfigurationIsVisible = 0;
			defaultConfigurationName = Release;
		};
		89CEBD4B1E4DB2AF00555DCE /* Build configuration list for PBXNativeTarget "basic_1" */ = {
			isa = XCConfigurationList;
			buildConfigurations = (
				89CEBD4C1E4DB2AF00555DCE /* Debug */,
				89CEBD4D1E4DB2AF00555DCE /* Release */,
			);
			defaultConfigurationIsVisible = 0;
			defaultConfigurationName = Release;
		};
/* End XCConfigurationList section */
	};
	rootObject = 89CEBD3C1E4DB2AF00555DCE /* Project object */;
}
